
Microsoft Visual Studio Solution File, Format Version 12.00
# Visual Studio Version 17
VisualStudioVersion = 17.5.33502.453
MinimumVisualStudioVersion = 10.0.40219.1
Project("{FAE04EC0-301F-11D3-BF4B-00C04F79EFBC}") = "ProjectsManagerASP", "ProjectsManagerASP\ProjectsManagerASP.csproj", "{48907120-0B06-4FDC-80C9-802D8CB29167}"
EndProject
Global
	GlobalSection(SolutionConfigurationPlatforms) = preSolution
		Debug|Any CPU = Debug|Any CPU
		Release|Any CPU = Release|Any CPU
	EndGlobalSection
	GlobalSection(ProjectConfigurationPlatforms) = postSolution
		{48907120-0B06-4FDC-80C9-802D8CB29167}.Debug|Any CPU.ActiveCfg = Debug|Any CPU
		{48907120-0B06-4FDC-80C9-802D8CB29167}.Debug|Any CPU.Build.0 = Debug|Any CPU
		{48907120-0B06-4FDC-80C9-802D8CB29167}.Release|Any CPU.ActiveCfg = Release|Any CPU
		{48907120-0B06-4FDC-80C9-802D8CB29167}.Release|Any CPU.Build.0 = Release|Any CPU
	EndGlobalSection
	GlobalSection(SolutionProperties) = preSolution
		HideSolutionNode = FALSE
	EndGlobalSection
	GlobalSection(ExtensibilityGlobals) = postSolution
		SolutionGuid = {09FE29BE-1F94-404C-86F3-F6485B4E3030}
	EndGlobalSection
EndGlobal
